// !$*UTF8*$!
{
	archiveVersion = 1;
	classes = {
	};
	objectVersion = 46;
	objects = {

/* Begin PBXBuildFile section */
		247805631D440B6F0066054F /* Keys.swift in Sources */ = {isa = PBXBuildFile; fileRef = 247805621D440B6F0066054F /* Keys.swift */; };
		694BC5BB0E43E733E9E9BC6A /* libPods-stalkUITests.a in Frameworks */ = {isa = PBXBuildFile; fileRef = 389ED88D60CE40EBF809B5C3 /* libPods-stalkUITests.a */; };
		83299D9E03EA162D14051875 /* libPods-stalkTests.a in Frameworks */ = {isa = PBXBuildFile; fileRef = 299770891F7036B0694B58E4 /* libPods-stalkTests.a */; };
		976691141D44081B007713F0 /* AppDelegate.swift in Sources */ = {isa = PBXBuildFile; fileRef = 976691131D44081B007713F0 /* AppDelegate.swift */; };
		976691161D44081B007713F0 /* ViewController.swift in Sources */ = {isa = PBXBuildFile; fileRef = 976691151D44081B007713F0 /* ViewController.swift */; };
		976691191D44081B007713F0 /* Main.storyboard in Resources */ = {isa = PBXBuildFile; fileRef = 976691171D44081B007713F0 /* Main.storyboard */; };
		9766911C1D44081B007713F0 /* stalk.xcdatamodeld in Sources */ = {isa = PBXBuildFile; fileRef = 9766911A1D44081B007713F0 /* stalk.xcdatamodeld */; };
		9766911E1D44081B007713F0 /* Assets.xcassets in Resources */ = {isa = PBXBuildFile; fileRef = 9766911D1D44081B007713F0 /* Assets.xcassets */; };
		976691211D44081B007713F0 /* LaunchScreen.storyboard in Resources */ = {isa = PBXBuildFile; fileRef = 9766911F1D44081B007713F0 /* LaunchScreen.storyboard */; };
		9766912C1D44081B007713F0 /* stalkTests.swift in Sources */ = {isa = PBXBuildFile; fileRef = 9766912B1D44081B007713F0 /* stalkTests.swift */; };
		976691371D44081B007713F0 /* stalkUITests.swift in Sources */ = {isa = PBXBuildFile; fileRef = 976691361D44081B007713F0 /* stalkUITests.swift */; };
		ADBC2C321D442988008141E8 /* MessagingViewController.swift in Sources */ = {isa = PBXBuildFile; fileRef = ADBC2C311D442988008141E8 /* MessagingViewController.swift */; };
		CE939ABEF9D7301F401E9005 /* libPods-stalk.a in Frameworks */ = {isa = PBXBuildFile; fileRef = FF128AEA474F7C04D1BA74DD /* libPods-stalk.a */; };
/* End PBXBuildFile section */

/* Begin PBXContainerItemProxy section */
		976691281D44081B007713F0 /* PBXContainerItemProxy */ = {
			isa = PBXContainerItemProxy;
			containerPortal = 976691081D44081B007713F0 /* Project object */;
			proxyType = 1;
			remoteGlobalIDString = 9766910F1D44081B007713F0;
			remoteInfo = stalk;
		};
		976691331D44081B007713F0 /* PBXContainerItemProxy */ = {
			isa = PBXContainerItemProxy;
			containerPortal = 976691081D44081B007713F0 /* Project object */;
			proxyType = 1;
			remoteGlobalIDString = 9766910F1D44081B007713F0;
			remoteInfo = stalk;
		};
/* End PBXContainerItemProxy section */

/* Begin PBXFileReference section */
		247805611D440A7E0066054F /* Stalk-Bridging-Header.h */ = {isa = PBXFileReference; lastKnownFileType = sourcecode.c.h; path = "Stalk-Bridging-Header.h"; sourceTree = "<group>"; };
		247805621D440B6F0066054F /* Keys.swift */ = {isa = PBXFileReference; fileEncoding = 4; lastKnownFileType = sourcecode.swift; path = Keys.swift; sourceTree = "<group>"; };
		299770891F7036B0694B58E4 /* libPods-stalkTests.a */ = {isa = PBXFileReference; explicitFileType = archive.ar; includeInIndex = 0; path = "libPods-stalkTests.a"; sourceTree = BUILT_PRODUCTS_DIR; };
		380BF24257B54C858707DDE8 /* Pods-stalkUITests.debug.xcconfig */ = {isa = PBXFileReference; includeInIndex = 1; lastKnownFileType = text.xcconfig; name = "Pods-stalkUITests.debug.xcconfig"; path = "Pods/Target Support Files/Pods-stalkUITests/Pods-stalkUITests.debug.xcconfig"; sourceTree = "<group>"; };
		389ED88D60CE40EBF809B5C3 /* libPods-stalkUITests.a */ = {isa = PBXFileReference; explicitFileType = archive.ar; includeInIndex = 0; path = "libPods-stalkUITests.a"; sourceTree = BUILT_PRODUCTS_DIR; };
		3BFADFD82E344AD1DDD00BA9 /* Pods-stalkTests.release.xcconfig */ = {isa = PBXFileReference; includeInIndex = 1; lastKnownFileType = text.xcconfig; name = "Pods-stalkTests.release.xcconfig"; path = "Pods/Target Support Files/Pods-stalkTests/Pods-stalkTests.release.xcconfig"; sourceTree = "<group>"; };
		976691101D44081B007713F0 /* stalk.app */ = {isa = PBXFileReference; explicitFileType = wrapper.application; includeInIndex = 0; path = stalk.app; sourceTree = BUILT_PRODUCTS_DIR; };
		976691131D44081B007713F0 /* AppDelegate.swift */ = {isa = PBXFileReference; lastKnownFileType = sourcecode.swift; path = AppDelegate.swift; sourceTree = "<group>"; };
		976691151D44081B007713F0 /* ViewController.swift */ = {isa = PBXFileReference; lastKnownFileType = sourcecode.swift; path = ViewController.swift; sourceTree = "<group>"; };
		976691181D44081B007713F0 /* Base */ = {isa = PBXFileReference; lastKnownFileType = file.storyboard; name = Base; path = Base.lproj/Main.storyboard; sourceTree = "<group>"; };
		9766911B1D44081B007713F0 /* stalk.xcdatamodel */ = {isa = PBXFileReference; lastKnownFileType = wrapper.xcdatamodel; path = stalk.xcdatamodel; sourceTree = "<group>"; };
		9766911D1D44081B007713F0 /* Assets.xcassets */ = {isa = PBXFileReference; lastKnownFileType = folder.assetcatalog; path = Assets.xcassets; sourceTree = "<group>"; };
		976691201D44081B007713F0 /* Base */ = {isa = PBXFileReference; lastKnownFileType = file.storyboard; name = Base; path = Base.lproj/LaunchScreen.storyboard; sourceTree = "<group>"; };
		976691221D44081B007713F0 /* Info.plist */ = {isa = PBXFileReference; lastKnownFileType = text.plist.xml; path = Info.plist; sourceTree = "<group>"; };
		976691271D44081B007713F0 /* stalkTests.xctest */ = {isa = PBXFileReference; explicitFileType = wrapper.cfbundle; includeInIndex = 0; path = stalkTests.xctest; sourceTree = BUILT_PRODUCTS_DIR; };
		9766912B1D44081B007713F0 /* stalkTests.swift */ = {isa = PBXFileReference; lastKnownFileType = sourcecode.swift; path = stalkTests.swift; sourceTree = "<group>"; };
		9766912D1D44081B007713F0 /* Info.plist */ = {isa = PBXFileReference; lastKnownFileType = text.plist.xml; path = Info.plist; sourceTree = "<group>"; };
		976691321D44081B007713F0 /* stalkUITests.xctest */ = {isa = PBXFileReference; explicitFileType = wrapper.cfbundle; includeInIndex = 0; path = stalkUITests.xctest; sourceTree = BUILT_PRODUCTS_DIR; };
		976691361D44081B007713F0 /* stalkUITests.swift */ = {isa = PBXFileReference; lastKnownFileType = sourcecode.swift; path = stalkUITests.swift; sourceTree = "<group>"; };
		976691381D44081B007713F0 /* Info.plist */ = {isa = PBXFileReference; lastKnownFileType = text.plist.xml; path = Info.plist; sourceTree = "<group>"; };
		9EFC788E6EB7F64E14991A74 /* Pods-stalkUITests.release.xcconfig */ = {isa = PBXFileReference; includeInIndex = 1; lastKnownFileType = text.xcconfig; name = "Pods-stalkUITests.release.xcconfig"; path = "Pods/Target Support Files/Pods-stalkUITests/Pods-stalkUITests.release.xcconfig"; sourceTree = "<group>"; };
		9FA8E916BF6D69D91646048F /* Pods-stalk.release.xcconfig */ = {isa = PBXFileReference; includeInIndex = 1; lastKnownFileType = text.xcconfig; name = "Pods-stalk.release.xcconfig"; path = "Pods/Target Support Files/Pods-stalk/Pods-stalk.release.xcconfig"; sourceTree = "<group>"; };
		ADBC2C311D442988008141E8 /* MessagingViewController.swift */ = {isa = PBXFileReference; fileEncoding = 4; lastKnownFileType = sourcecode.swift; path = MessagingViewController.swift; sourceTree = "<group>"; };
		B1794B98B084773762B6A965 /* Pods-stalkTests.debug.xcconfig */ = {isa = PBXFileReference; includeInIndex = 1; lastKnownFileType = text.xcconfig; name = "Pods-stalkTests.debug.xcconfig"; path = "Pods/Target Support Files/Pods-stalkTests/Pods-stalkTests.debug.xcconfig"; sourceTree = "<group>"; };
		FF10484F0B8FBA712E54D7A1 /* Pods-stalk.debug.xcconfig */ = {isa = PBXFileReference; includeInIndex = 1; lastKnownFileType = text.xcconfig; name = "Pods-stalk.debug.xcconfig"; path = "Pods/Target Support Files/Pods-stalk/Pods-stalk.debug.xcconfig"; sourceTree = "<group>"; };
		FF128AEA474F7C04D1BA74DD /* libPods-stalk.a */ = {isa = PBXFileReference; explicitFileType = archive.ar; includeInIndex = 0; path = "libPods-stalk.a"; sourceTree = BUILT_PRODUCTS_DIR; };
/* End PBXFileReference section */

/* Begin PBXFrameworksBuildPhase section */
		9766910D1D44081B007713F0 /* Frameworks */ = {
			isa = PBXFrameworksBuildPhase;
			buildActionMask = 2147483647;
			files = (
				CE939ABEF9D7301F401E9005 /* libPods-stalk.a in Frameworks */,
			);
			runOnlyForDeploymentPostprocessing = 0;
		};
		976691241D44081B007713F0 /* Frameworks */ = {
			isa = PBXFrameworksBuildPhase;
			buildActionMask = 2147483647;
			files = (
				83299D9E03EA162D14051875 /* libPods-stalkTests.a in Frameworks */,
			);
			runOnlyForDeploymentPostprocessing = 0;
		};
		9766912F1D44081B007713F0 /* Frameworks */ = {
			isa = PBXFrameworksBuildPhase;
			buildActionMask = 2147483647;
			files = (
				694BC5BB0E43E733E9E9BC6A /* libPods-stalkUITests.a in Frameworks */,
			);
			runOnlyForDeploymentPostprocessing = 0;
		};
/* End PBXFrameworksBuildPhase section */

/* Begin PBXGroup section */
		59BB01F532B5E7882DE23E22 /* Frameworks */ = {
			isa = PBXGroup;
			children = (
				FF128AEA474F7C04D1BA74DD /* libPods-stalk.a */,
				299770891F7036B0694B58E4 /* libPods-stalkTests.a */,
				389ED88D60CE40EBF809B5C3 /* libPods-stalkUITests.a */,
			);
			name = Frameworks;
			sourceTree = "<group>";
		};
		788C75FC77D90245CDBE8835 /* Pods */ = {
			isa = PBXGroup;
			children = (
				FF10484F0B8FBA712E54D7A1 /* Pods-stalk.debug.xcconfig */,
				9FA8E916BF6D69D91646048F /* Pods-stalk.release.xcconfig */,
				B1794B98B084773762B6A965 /* Pods-stalkTests.debug.xcconfig */,
				3BFADFD82E344AD1DDD00BA9 /* Pods-stalkTests.release.xcconfig */,
				380BF24257B54C858707DDE8 /* Pods-stalkUITests.debug.xcconfig */,
				9EFC788E6EB7F64E14991A74 /* Pods-stalkUITests.release.xcconfig */,
			);
			name = Pods;
			sourceTree = "<group>";
		};
		976691071D44081B007713F0 = {
			isa = PBXGroup;
			children = (
				976691121D44081B007713F0 /* stalk */,
				9766912A1D44081B007713F0 /* stalkTests */,
				976691351D44081B007713F0 /* stalkUITests */,
				976691111D44081B007713F0 /* Products */,
				788C75FC77D90245CDBE8835 /* Pods */,
				59BB01F532B5E7882DE23E22 /* Frameworks */,
			);
			sourceTree = "<group>";
		};
		976691111D44081B007713F0 /* Products */ = {
			isa = PBXGroup;
			children = (
				976691101D44081B007713F0 /* stalk.app */,
				976691271D44081B007713F0 /* stalkTests.xctest */,
				976691321D44081B007713F0 /* stalkUITests.xctest */,
			);
			name = Products;
			sourceTree = "<group>";
		};
		976691121D44081B007713F0 /* stalk */ = {
			isa = PBXGroup;
			children = (
				976691131D44081B007713F0 /* AppDelegate.swift */,
				976691151D44081B007713F0 /* ViewController.swift */,
				976691171D44081B007713F0 /* Main.storyboard */,
				9766911D1D44081B007713F0 /* Assets.xcassets */,
				9766911F1D44081B007713F0 /* LaunchScreen.storyboard */,
				976691221D44081B007713F0 /* Info.plist */,
				9766911A1D44081B007713F0 /* stalk.xcdatamodeld */,
				247805611D440A7E0066054F /* Stalk-Bridging-Header.h */,
				247805621D440B6F0066054F /* Keys.swift */,
				ADBC2C311D442988008141E8 /* MessagingViewController.swift */,
			);
			path = stalk;
			sourceTree = "<group>";
		};
		9766912A1D44081B007713F0 /* stalkTests */ = {
			isa = PBXGroup;
			children = (
				9766912B1D44081B007713F0 /* stalkTests.swift */,
				9766912D1D44081B007713F0 /* Info.plist */,
			);
			path = stalkTests;
			sourceTree = "<group>";
		};
		976691351D44081B007713F0 /* stalkUITests */ = {
			isa = PBXGroup;
			children = (
				976691361D44081B007713F0 /* stalkUITests.swift */,
				976691381D44081B007713F0 /* Info.plist */,
			);
			path = stalkUITests;
			sourceTree = "<group>";
		};
/* End PBXGroup section */

/* Begin PBXNativeTarget section */
		9766910F1D44081B007713F0 /* stalk */ = {
			isa = PBXNativeTarget;
			buildConfigurationList = 9766913B1D44081B007713F0 /* Build configuration list for PBXNativeTarget "stalk" */;
			buildPhases = (
				421A3ABADBF135E9B8786D78 /* [CP] Check Pods Manifest.lock */,
				9766910C1D44081B007713F0 /* Sources */,
				9766910D1D44081B007713F0 /* Frameworks */,
				9766910E1D44081B007713F0 /* Resources */,
				7052C6EA660651B136B28BE0 /* [CP] Embed Pods Frameworks */,
				7D00C77800BD6F097DEA0AB4 /* [CP] Copy Pods Resources */,
			);
			buildRules = (
			);
			dependencies = (
			);
			name = stalk;
			productName = stalk;
			productReference = 976691101D44081B007713F0 /* stalk.app */;
			productType = "com.apple.product-type.application";
		};
		976691261D44081B007713F0 /* stalkTests */ = {
			isa = PBXNativeTarget;
			buildConfigurationList = 9766913E1D44081B007713F0 /* Build configuration list for PBXNativeTarget "stalkTests" */;
			buildPhases = (
				0A4BE0B20E6F68C1575B4A60 /* [CP] Check Pods Manifest.lock */,
				976691231D44081B007713F0 /* Sources */,
				976691241D44081B007713F0 /* Frameworks */,
				976691251D44081B007713F0 /* Resources */,
				06FA8DCA091E3FD160A322C0 /* [CP] Embed Pods Frameworks */,
				E196895F55B52E9149DC540C /* [CP] Copy Pods Resources */,
			);
			buildRules = (
			);
			dependencies = (
				976691291D44081B007713F0 /* PBXTargetDependency */,
			);
			name = stalkTests;
			productName = stalkTests;
			productReference = 976691271D44081B007713F0 /* stalkTests.xctest */;
			productType = "com.apple.product-type.bundle.unit-test";
		};
		976691311D44081B007713F0 /* stalkUITests */ = {
			isa = PBXNativeTarget;
			buildConfigurationList = 976691411D44081B007713F0 /* Build configuration list for PBXNativeTarget "stalkUITests" */;
			buildPhases = (
				A91597DF272D02314E320E65 /* [CP] Check Pods Manifest.lock */,
				9766912E1D44081B007713F0 /* Sources */,
				9766912F1D44081B007713F0 /* Frameworks */,
				976691301D44081B007713F0 /* Resources */,
				70CBD3034B9789F9686506C0 /* [CP] Copy Pods Resources */,
			);
			buildRules = (
			);
			dependencies = (
				976691341D44081B007713F0 /* PBXTargetDependency */,
			);
			name = stalkUITests;
			productName = stalkUITests;
			productReference = 976691321D44081B007713F0 /* stalkUITests.xctest */;
			productType = "com.apple.product-type.bundle.ui-testing";
		};
/* End PBXNativeTarget section */

/* Begin PBXProject section */
		976691081D44081B007713F0 /* Project object */ = {
			isa = PBXProject;
			attributes = {
				LastSwiftUpdateCheck = 0730;
				LastUpgradeCheck = 0730;
				ORGANIZATIONNAME = carl;
				TargetAttributes = {
					9766910F1D44081B007713F0 = {
						CreatedOnToolsVersion = 7.3.1;
					};
					976691261D44081B007713F0 = {
						CreatedOnToolsVersion = 7.3.1;
						TestTargetID = 9766910F1D44081B007713F0;
					};
					976691311D44081B007713F0 = {
						CreatedOnToolsVersion = 7.3.1;
						TestTargetID = 9766910F1D44081B007713F0;
					};
				};
			};
			buildConfigurationList = 9766910B1D44081B007713F0 /* Build configuration list for PBXProject "stalk" */;
			compatibilityVersion = "Xcode 3.2";
			developmentRegion = English;
			hasScannedForEncodings = 0;
			knownRegions = (
				en,
				Base,
			);
			mainGroup = 976691071D44081B007713F0;
			productRefGroup = 976691111D44081B007713F0 /* Products */;
			projectDirPath = "";
			projectRoot = "";
			targets = (
				9766910F1D44081B007713F0 /* stalk */,
				976691261D44081B007713F0 /* stalkTests */,
				976691311D44081B007713F0 /* stalkUITests */,
			);
		};
/* End PBXProject section */

/* Begin PBXResourcesBuildPhase section */
		9766910E1D44081B007713F0 /* Resources */ = {
			isa = PBXResourcesBuildPhase;
			buildActionMask = 2147483647;
			files = (
				976691211D44081B007713F0 /* LaunchScreen.storyboard in Resources */,
				9766911E1D44081B007713F0 /* Assets.xcassets in Resources */,
				976691191D44081B007713F0 /* Main.storyboard in Resources */,
			);
			runOnlyForDeploymentPostprocessing = 0;
		};
		976691251D44081B007713F0 /* Resources */ = {
			isa = PBXResourcesBuildPhase;
			buildActionMask = 2147483647;
			files = (
			);
			runOnlyForDeploymentPostprocessing = 0;
		};
		976691301D44081B007713F0 /* Resources */ = {
			isa = PBXResourcesBuildPhase;
			buildActionMask = 2147483647;
			files = (
			);
			runOnlyForDeploymentPostprocessing = 0;
		};
/* End PBXResourcesBuildPhase section */

/* Begin PBXShellScriptBuildPhase section */
		06FA8DCA091E3FD160A322C0 /* [CP] Embed Pods Frameworks */ = {
			isa = PBXShellScriptBuildPhase;
			buildActionMask = 2147483647;
			files = (
			);
			inputPaths = (
			);
			name = "[CP] Embed Pods Frameworks";
			outputPaths = (
			);
			runOnlyForDeploymentPostprocessing = 0;
			shellPath = /bin/sh;
			shellScript = "\"${SRCROOT}/Pods/Target Support Files/Pods-stalkTests/Pods-stalkTests-frameworks.sh\"\n";
			showEnvVarsInLog = 0;
		};
		0A4BE0B20E6F68C1575B4A60 /* [CP] Check Pods Manifest.lock */ = {
			isa = PBXShellScriptBuildPhase;
			buildActionMask = 2147483647;
			files = (
			);
			inputPaths = (
			);
			name = "[CP] Check Pods Manifest.lock";
			outputPaths = (
			);
			runOnlyForDeploymentPostprocessing = 0;
			shellPath = /bin/sh;
			shellScript = "diff \"${PODS_ROOT}/../Podfile.lock\" \"${PODS_ROOT}/Manifest.lock\" > /dev/null\nif [[ $? != 0 ]] ; then\n    cat << EOM\nerror: The sandbox is not in sync with the Podfile.lock. Run 'pod install' or update your CocoaPods installation.\nEOM\n    exit 1\nfi\n";
			showEnvVarsInLog = 0;
		};
		421A3ABADBF135E9B8786D78 /* [CP] Check Pods Manifest.lock */ = {
			isa = PBXShellScriptBuildPhase;
			buildActionMask = 2147483647;
			files = (
			);
			inputPaths = (
			);
			name = "[CP] Check Pods Manifest.lock";
			outputPaths = (
			);
			runOnlyForDeploymentPostprocessing = 0;
			shellPath = /bin/sh;
			shellScript = "diff \"${PODS_ROOT}/../Podfile.lock\" \"${PODS_ROOT}/Manifest.lock\" > /dev/null\nif [[ $? != 0 ]] ; then\n    cat << EOM\nerror: The sandbox is not in sync with the Podfile.lock. Run 'pod install' or update your CocoaPods installation.\nEOM\n    exit 1\nfi\n";
			showEnvVarsInLog = 0;
		};
		7052C6EA660651B136B28BE0 /* [CP] Embed Pods Frameworks */ = {
			isa = PBXShellScriptBuildPhase;
			buildActionMask = 2147483647;
			files = (
			);
			inputPaths = (
			);
			name = "[CP] Embed Pods Frameworks";
			outputPaths = (
			);
			runOnlyForDeploymentPostprocessing = 0;
			shellPath = /bin/sh;
			shellScript = "\"${SRCROOT}/Pods/Target Support Files/Pods-stalk/Pods-stalk-frameworks.sh\"\n";
			showEnvVarsInLog = 0;
		};
		70CBD3034B9789F9686506C0 /* [CP] Copy Pods Resources */ = {
			isa = PBXShellScriptBuildPhase;
			buildActionMask = 2147483647;
			files = (
			);
			inputPaths = (
			);
			name = "[CP] Copy Pods Resources";
			outputPaths = (
			);
			runOnlyForDeploymentPostprocessing = 0;
			shellPath = /bin/sh;
			shellScript = "\"${SRCROOT}/Pods/Target Support Files/Pods-stalkUITests/Pods-stalkUITests-resources.sh\"\n";
			showEnvVarsInLog = 0;
		};
		7D00C77800BD6F097DEA0AB4 /* [CP] Copy Pods Resources */ = {
			isa = PBXShellScriptBuildPhase;
			buildActionMask = 2147483647;
			files = (
			);
			inputPaths = (
			);
			name = "[CP] Copy Pods Resources";
			outputPaths = (
			);
			runOnlyForDeploymentPostprocessing = 0;
			shellPath = /bin/sh;
			shellScript = "\"${SRCROOT}/Pods/Target Support Files/Pods-stalk/Pods-stalk-resources.sh\"\n";
			showEnvVarsInLog = 0;
		};
		A91597DF272D02314E320E65 /* [CP] Check Pods Manifest.lock */ = {
			isa = PBXShellScriptBuildPhase;
			buildActionMask = 2147483647;
			files = (
			);
			inputPaths = (
			);
			name = "[CP] Check Pods Manifest.lock";
			outputPaths = (
			);
			runOnlyForDeploymentPostprocessing = 0;
			shellPath = /bin/sh;
			shellScript = "diff \"${PODS_ROOT}/../Podfile.lock\" \"${PODS_ROOT}/Manifest.lock\" > /dev/null\nif [[ $? != 0 ]] ; then\n    cat << EOM\nerror: The sandbox is not in sync with the Podfile.lock. Run 'pod install' or update your CocoaPods installation.\nEOM\n    exit 1\nfi\n";
			showEnvVarsInLog = 0;
		};
		E196895F55B52E9149DC540C /* [CP] Copy Pods Resources */ = {
			isa = PBXShellScriptBuildPhase;
			buildActionMask = 2147483647;
			files = (
			);
			inputPaths = (
			);
			name = "[CP] Copy Pods Resources";
			outputPaths = (
			);
			runOnlyForDeploymentPostprocessing = 0;
			shellPath = /bin/sh;
			shellScript = "\"${SRCROOT}/Pods/Target Support Files/Pods-stalkTests/Pods-stalkTests-resources.sh\"\n";
			showEnvVarsInLog = 0;
		};
/* End PBXShellScriptBuildPhase section */

/* Begin PBXSourcesBuildPhase section */
		9766910C1D44081B007713F0 /* Sources */ = {
			isa = PBXSourcesBuildPhase;
			buildActionMask = 2147483647;
			files = (
				9766911C1D44081B007713F0 /* stalk.xcdatamodeld in Sources */,
				247805631D440B6F0066054F /* Keys.swift in Sources */,
				976691161D44081B007713F0 /* ViewController.swift in Sources */,
				ADBC2C321D442988008141E8 /* MessagingViewController.swift in Sources */,
				976691141D44081B007713F0 /* AppDelegate.swift in Sources */,
			);
			runOnlyForDeploymentPostprocessing = 0;
		};
		976691231D44081B007713F0 /* Sources */ = {
			isa = PBXSourcesBuildPhase;
			buildActionMask = 2147483647;
			files = (
				9766912C1D44081B007713F0 /* stalkTests.swift in Sources */,
			);
			runOnlyForDeploymentPostprocessing = 0;
		};
		9766912E1D44081B007713F0 /* Sources */ = {
			isa = PBXSourcesBuildPhase;
			buildActionMask = 2147483647;
			files = (
				976691371D44081B007713F0 /* stalkUITests.swift in Sources */,
			);
			runOnlyForDeploymentPostprocessing = 0;
		};
/* End PBXSourcesBuildPhase section */

/* Begin PBXTargetDependency section */
		976691291D44081B007713F0 /* PBXTargetDependency */ = {
			isa = PBXTargetDependency;
			target = 9766910F1D44081B007713F0 /* stalk */;
			targetProxy = 976691281D44081B007713F0 /* PBXContainerItemProxy */;
		};
		976691341D44081B007713F0 /* PBXTargetDependency */ = {
			isa = PBXTargetDependency;
			target = 9766910F1D44081B007713F0 /* stalk */;
			targetProxy = 976691331D44081B007713F0 /* PBXContainerItemProxy */;
		};
/* End PBXTargetDependency section */

/* Begin PBXVariantGroup section */
		976691171D44081B007713F0 /* Main.storyboard */ = {
			isa = PBXVariantGroup;
			children = (
				976691181D44081B007713F0 /* Base */,
			);
			name = Main.storyboard;
			sourceTree = "<group>";
		};
		9766911F1D44081B007713F0 /* LaunchScreen.storyboard */ = {
			isa = PBXVariantGroup;
			children = (
				976691201D44081B007713F0 /* Base */,
			);
			name = LaunchScreen.storyboard;
			sourceTree = "<group>";
		};
/* End PBXVariantGroup section */

/* Begin XCBuildConfiguration section */
		976691391D44081B007713F0 /* Debug */ = {
			isa = XCBuildConfiguration;
			buildSettings = {
				ALWAYS_SEARCH_USER_PATHS = NO;
				CLANG_ANALYZER_NONNULL = YES;
				CLANG_CXX_LANGUAGE_STANDARD = "gnu++0x";
				CLANG_CXX_LIBRARY = "libc++";
				CLANG_ENABLE_MODULES = YES;
				CLANG_ENABLE_OBJC_ARC = YES;
				CLANG_WARN_BOOL_CONVERSION = YES;
				CLANG_WARN_CONSTANT_CONVERSION = YES;
				CLANG_WARN_DIRECT_OBJC_ISA_USAGE = YES_ERROR;
				CLANG_WARN_EMPTY_BODY = YES;
				CLANG_WARN_ENUM_CONVERSION = YES;
				CLANG_WARN_INT_CONVERSION = YES;
				CLANG_WARN_OBJC_ROOT_CLASS = YES_ERROR;
				CLANG_WARN_UNREACHABLE_CODE = YES;
				CLANG_WARN__DUPLICATE_METHOD_MATCH = YES;
				"CODE_SIGN_IDENTITY[sdk=iphoneos*]" = "iPhone Developer";
				COPY_PHASE_STRIP = NO;
				DEBUG_INFORMATION_FORMAT = dwarf;
				ENABLE_STRICT_OBJC_MSGSEND = YES;
				ENABLE_TESTABILITY = YES;
				GCC_C_LANGUAGE_STANDARD = gnu99;
				GCC_DYNAMIC_NO_PIC = NO;
				GCC_NO_COMMON_BLOCKS = YES;
				GCC_OPTIMIZATION_LEVEL = 0;
				GCC_PREPROCESSOR_DEFINITIONS = (
					"DEBUG=1",
					"$(inherited)",
				);
				GCC_WARN_64_TO_32_BIT_CONVERSION = YES;
				GCC_WARN_ABOUT_RETURN_TYPE = YES_ERROR;
				GCC_WARN_UNDECLARED_SELECTOR = YES;
				GCC_WARN_UNINITIALIZED_AUTOS = YES_AGGRESSIVE;
				GCC_WARN_UNUSED_FUNCTION = YES;
				GCC_WARN_UNUSED_VARIABLE = YES;
				IPHONEOS_DEPLOYMENT_TARGET = 9.3;
				MTL_ENABLE_DEBUG_INFO = YES;
				ONLY_ACTIVE_ARCH = YES;
				SDKROOT = iphoneos;
				SWIFT_OPTIMIZATION_LEVEL = "-Onone";
			};
			name = Debug;
		};
		9766913A1D44081B007713F0 /* Release */ = {
			isa = XCBuildConfiguration;
			buildSettings = {
				ALWAYS_SEARCH_USER_PATHS = NO;
				CLANG_ANALYZER_NONNULL = YES;
				CLANG_CXX_LANGUAGE_STANDARD = "gnu++0x";
				CLANG_CXX_LIBRARY = "libc++";
				CLANG_ENABLE_MODULES = YES;
				CLANG_ENABLE_OBJC_ARC = YES;
				CLANG_WARN_BOOL_CONVERSION = YES;
				CLANG_WARN_CONSTANT_CONVERSION = YES;
				CLANG_WARN_DIRECT_OBJC_ISA_USAGE = YES_ERROR;
				CLANG_WARN_EMPTY_BODY = YES;
				CLANG_WARN_ENUM_CONVERSION = YES;
				CLANG_WARN_INT_CONVERSION = YES;
				CLANG_WARN_OBJC_ROOT_CLASS = YES_ERROR;
				CLANG_WARN_UNREACHABLE_CODE = YES;
				CLANG_WARN__DUPLICATE_METHOD_MATCH = YES;
				"CODE_SIGN_IDENTITY[sdk=iphoneos*]" = "iPhone Developer";
				COPY_PHASE_STRIP = NO;
				DEBUG_INFORMATION_FORMAT = "dwarf-with-dsym";
				ENABLE_NS_ASSERTIONS = NO;
				ENABLE_STRICT_OBJC_MSGSEND = YES;
				GCC_C_LANGUAGE_STANDARD = gnu99;
				GCC_NO_COMMON_BLOCKS = YES;
				GCC_WARN_64_TO_32_BIT_CONVERSION = YES;
				GCC_WARN_ABOUT_RETURN_TYPE = YES_ERROR;
				GCC_WARN_UNDECLARED_SELECTOR = YES;
				GCC_WARN_UNINITIALIZED_AUTOS = YES_AGGRESSIVE;
				GCC_WARN_UNUSED_FUNCTION = YES;
				GCC_WARN_UNUSED_VARIABLE = YES;
				IPHONEOS_DEPLOYMENT_TARGET = 9.3;
				MTL_ENABLE_DEBUG_INFO = NO;
				SDKROOT = iphoneos;
				VALIDATE_PRODUCT = YES;
			};
			name = Release;
		};
		9766913C1D44081B007713F0 /* Debug */ = {
			isa = XCBuildConfiguration;
			baseConfigurationReference = FF10484F0B8FBA712E54D7A1 /* Pods-stalk.debug.xcconfig */;
			buildSettings = {
				ASSETCATALOG_COMPILER_APPICON_NAME = AppIcon;
				INFOPLIST_FILE = stalk/Info.plist;
				LD_RUNPATH_SEARCH_PATHS = "$(inherited) @executable_path/Frameworks";
				PRODUCT_BUNDLE_IDENTIFIER = com.carl.stalk;
				PRODUCT_NAME = "$(TARGET_NAME)";
			};
			name = Debug;
		};
		9766913D1D44081B007713F0 /* Release */ = {
			isa = XCBuildConfiguration;
			baseConfigurationReference = 9FA8E916BF6D69D91646048F /* Pods-stalk.release.xcconfig */;
			buildSettings = {
				ASSETCATALOG_COMPILER_APPICON_NAME = AppIcon;
				INFOPLIST_FILE = stalk/Info.plist;
				LD_RUNPATH_SEARCH_PATHS = "$(inherited) @executable_path/Frameworks";
				PRODUCT_BUNDLE_IDENTIFIER = com.carl.stalk;
				PRODUCT_NAME = "$(TARGET_NAME)";
			};
			name = Release;
		};
		9766913F1D44081B007713F0 /* Debug */ = {
			isa = XCBuildConfiguration;
			baseConfigurationReference = B1794B98B084773762B6A965 /* Pods-stalkTests.debug.xcconfig */;
			buildSettings = {
				BUNDLE_LOADER = "$(TEST_HOST)";
				INFOPLIST_FILE = stalkTests/Info.plist;
				LD_RUNPATH_SEARCH_PATHS = "$(inherited) @executable_path/Frameworks @loader_path/Frameworks";
				PRODUCT_BUNDLE_IDENTIFIER = com.carl.stalkTests;
				PRODUCT_NAME = "$(TARGET_NAME)";
				TEST_HOST = "$(BUILT_PRODUCTS_DIR)/stalk.app/stalk";
			};
			name = Debug;
		};
		976691401D44081B007713F0 /* Release */ = {
			isa = XCBuildConfiguration;
			baseConfigurationReference = 3BFADFD82E344AD1DDD00BA9 /* Pods-stalkTests.release.xcconfig */;
			buildSettings = {
				BUNDLE_LOADER = "$(TEST_HOST)";
				INFOPLIST_FILE = stalkTests/Info.plist;
				LD_RUNPATH_SEARCH_PATHS = "$(inherited) @executable_path/Frameworks @loader_path/Frameworks";
				PRODUCT_BUNDLE_IDENTIFIER = com.carl.stalkTests;
				PRODUCT_NAME = "$(TARGET_NAME)";
				TEST_HOST = "$(BUILT_PRODUCTS_DIR)/stalk.app/stalk";
			};
			name = Release;
		};
		976691421D44081B007713F0 /* Debug */ = {
			isa = XCBuildConfiguration;
			baseConfigurationReference = 380BF24257B54C858707DDE8 /* Pods-stalkUITests.debug.xcconfig */;
			buildSettings = {
				INFOPLIST_FILE = stalkUITests/Info.plist;
				LD_RUNPATH_SEARCH_PATHS = "$(inherited) @executable_path/Frameworks @loader_path/Frameworks";
				PRODUCT_BUNDLE_IDENTIFIER = com.carl.stalkUITests;
				PRODUCT_NAME = "$(TARGET_NAME)";
				TEST_TARGET_NAME = stalk;
			};
			name = Debug;
		};
		976691431D44081B007713F0 /* Release */ = {
			isa = XCBuildConfiguration;
			baseConfigurationReference = 9EFC788E6EB7F64E14991A74 /* Pods-stalkUITests.release.xcconfig */;
			buildSettings = {
				INFOPLIST_FILE = stalkUITests/Info.plist;
				LD_RUNPATH_SEARCH_PATHS = "$(inherited) @executable_path/Frameworks @loader_path/Frameworks";
				PRODUCT_BUNDLE_IDENTIFIER = com.carl.stalkUITests;
				PRODUCT_NAME = "$(TARGET_NAME)";
				TEST_TARGET_NAME = stalk;
			};
			name = Release;
		};
/* End XCBuildConfiguration section */

/* Begin XCConfigurationList section */
		9766910B1D44081B007713F0 /* Build configuration list for PBXProject "stalk" */ = {
			isa = XCConfigurationList;
			buildConfigurations = (
				976691391D44081B007713F0 /* Debug */,
				9766913A1D44081B007713F0 /* Release */,
			);
			defaultConfigurationIsVisible = 0;
			defaultConfigurationName = Release;
		};
		9766913B1D44081B007713F0 /* Build configuration list for PBXNativeTarget "stalk" */ = {
			isa = XCConfigurationList;
			buildConfigurations = (
				9766913C1D44081B007713F0 /* Debug */,
				9766913D1D44081B007713F0 /* Release */,
			);
			defaultConfigurationIsVisible = 0;
			defaultConfigurationName = Release;
		};
		9766913E1D44081B007713F0 /* Build configuration list for PBXNativeTarget "stalkTests" */ = {
			isa = XCConfigurationList;
			buildConfigurations = (
				9766913F1D44081B007713F0 /* Debug */,
				976691401D44081B007713F0 /* Release */,
			);
			defaultConfigurationIsVisible = 0;
			defaultConfigurationName = Release;
		};
		976691411D44081B007713F0 /* Build configuration list for PBXNativeTarget "stalkUITests" */ = {
			isa = XCConfigurationList;
			buildConfigurations = (
				976691421D44081B007713F0 /* Debug */,
				976691431D44081B007713F0 /* Release */,
			);
			defaultConfigurationIsVisible = 0;
			defaultConfigurationName = Release;
		};
/* End XCConfigurationList section */

/* Begin XCVersionGroup section */
		9766911A1D44081B007713F0 /* stalk.xcdatamodeld */ = {
			isa = XCVersionGroup;
			children = (
				9766911B1D44081B007713F0 /* stalk.xcdatamodel */,
			);
			currentVersion = 9766911B1D44081B007713F0 /* stalk.xcdatamodel */;
			path = stalk.xcdatamodeld;
			sourceTree = "<group>";
			versionGroupType = wrapper.xcdatamodel;
		};
/* End XCVersionGroup section */
	};
	rootObject = 976691081D44081B007713F0 /* Project object */;
}
